# THIS IS AN AUTOGENERATED FILE. DO NOT EDIT THIS FILE DIRECTLY.
# yarn lockfile v1


"@eliaspourquoi/heritage@^0.1.10":
  version "0.1.10"
  resolved "https://registry.yarnpkg.com/@eliaspourquoi/heritage/-/heritage-0.1.10.tgz#0c082966506b9b35525d7ae49e91975c984ab55f"
  integrity sha512-AjVfyratXz5bjxaspMBhIyuCBzbHvQoxJCk+NBkaaBmEoDcSyAz9dkgxJ1DARpADRouiaUMv/p6umgW6NbTqLg==
  dependencies:
    acorn "^7.2.0"
    node-fetch "^2.6.0"

acorn@^7.2.0:
  version "7.2.0"
  resolved "https://registry.yarnpkg.com/acorn/-/acorn-7.2.0.tgz#17ea7e40d7c8640ff54a694c889c26f31704effe"
  integrity sha512-apwXVmYVpQ34m/i71vrApRrRKCWQnZZF1+npOD0WV5xZFfwWOmKGQ2RWlfdy9vWITsenisM8M0Qeq8agcFHNiQ==

aworld@^0.1.2:
  version "0.1.2"
  resolved "https://registry.yarnpkg.com/aworld/-/aworld-0.1.2.tgz#626de2317761b2685a667166aebc94c95a27570b"
  integrity sha512-OZf7gBZBRM1cMQljOxMYHjy67vYFz0qn8B7L/bEykPW5nPvLI25e9NLa3h9XablhR3LFBFlQsuhgaj1wGkqMCg==

construct-style-sheets-polyfill@^2.3.5:
  version "2.3.5"
  resolved "https://registry.yarnpkg.com/construct-style-sheets-polyfill/-/construct-style-sheets-polyfill-2.3.5.tgz#15e85356639d66b75dfb0133466fe4c4c92ac181"
  integrity sha512-r8+HxnWQ2G3D7zDjQCXL5gGrZt39Fr16lWzvo9uFFfyoQ3ixskmT1Q4Uy6oFEFG40xdIQ4dpdgtc6cgIUGjKnA==

esbuild@^0.2.11:
  version "0.2.12"
  resolved "https://registry.yarnpkg.com/esbuild/-/esbuild-0.2.12.tgz#77db901f471de7e8732729ff928ffc12687be453"
  integrity sha512-+PMODPa6MshZlZryeNeXxqdHF2A4phUe1AIBDAPqgHWAe5N/9IqrmCcE6RVDei0caMV7D9EBMEuY/X8+Wp5xiw==

esdev@^0.1.1:
  version "0.1.1"
  resolved "https://registry.yarnpkg.com/esdev/-/esdev-0.1.1.tgz#0240b7b816c55fa58ff2408e272fd9334c3e7090"
  integrity sha512-51W+T+9ZcyF3plJZZY/5jH62hbc79pGYsZ3NL5Jug6qc4T8L/uZ18hoApvCULVnWYYSfSUwWTBU2D8uCty0qNA==
  dependencies:
    acorn "^7.2.0"
    esbuild "^0.2.11"
    mime "^2.4.5"
    servor "^3.3.1"

heritage@^0.0.0:
  version "0.0.0"
  resolved "https://registry.yarnpkg.com/heritage/-/heritage-0.0.0.tgz#41e79fe6d81233b2b86f5596b01db32f58d5ad82"
  integrity sha1-Qeef5tgSM7K4b1WWsB2zL1jVrYI=

mime@^2.4.5:
  version "2.4.6"
  resolved "https://registry.yarnpkg.com/mime/-/mime-2.4.6.tgz#e5b407c90db442f2beb5b162373d07b69affa4d1"
  integrity sha512-RZKhC3EmpBchfTGBVb8fb+RL2cWyw/32lshnsETttkBAyAUXSGHxbEJWWRXc751DrIxG1q04b8QwMbAwkRPpUA==

node-fetch@^2.6.0:
  version "2.6.0"
  resolved "https://registry.yarnpkg.com/node-fetch/-/node-fetch-2.6.0.tgz#e633456386d4aa55863f676a7ab0daa8fdecb0fd"
  integrity sha512-8dG4H5ujfvFiqDmVu9fQ5bOHUC15JMjMY/Zumv26oOvvVJjM67KF8koCWIabKQ1GJIa9r2mMZscBq/TbdOcmNA==

preact@^10.4.4:
  version "10.4.4"
  resolved "https://registry.yarnpkg.com/preact/-/preact-10.4.4.tgz#0bd6d759ec2f8684aaf8c63c7f076191e46528cf"
  integrity sha512-EaTJrerceyAPatQ+vfnadoopsMBZAOY7ak9ogVdUi5xbpR8SoHgtLryXnW+4mQOwt21icqoVR1brkU2dq7pEBA==

servor@^3.3.1:
  version "3.3.1"
  resolved "https://registry.yarnpkg.com/servor/-/servor-3.3.1.tgz#6862a9016837c5bd8c7ab20c05c775d72dfceab2"
  integrity sha512-3597Ob1ZKGzRYNZSgD/LSpiQcj3JRN6MvIDFUxkcwtWwUvXkrskhPT3Z5FiFFS3RIG0Je94x56Y9AfvY+mcvgA==
